
Microsoft Visual Studio Solution File, Format Version 12.00
# Visual Studio Version 17
VisualStudioVersion = 17.9.34622.214
MinimumVisualStudioVersion = 10.0.40219.1
Project("{9A19103F-16F7-4668-BE54-9A1E7A4F7556}") = "CoreWindowSharp", "CoreWindowSharp\CoreWindowSharp.csproj", "{0E224E32-C8B4-445D-BE31-94FA6944B237}"
EndProject
Global
	GlobalSection(SolutionConfigurationPlatforms) = preSolution
		Debug|Any CPU = Debug|Any CPU
		Release|Any CPU = Release|Any CPU
	EndGlobalSection
	GlobalSection(ProjectConfigurationPlatforms) = postSolution
		{0E224E32-C8B4-445D-BE31-94FA6944B237}.Debug|Any CPU.ActiveCfg = Debug|Any CPU
		{0E224E32-C8B4-445D-BE31-94FA6944B237}.Debug|Any CPU.Build.0 = Debug|Any CPU
		{0E224E32-C8B4-445D-BE31-94FA6944B237}.Release|Any CPU.ActiveCfg = Release|Any CPU
		{0E224E32-C8B4-445D-BE31-94FA6944B237}.Release|Any CPU.Build.0 = Release|Any CPU
	EndGlobalSection
	GlobalSection(SolutionProperties) = preSolution
		HideSolutionNode = FALSE
	EndGlobalSection
	GlobalSection(ExtensibilityGlobals) = postSolution
		SolutionGuid = {36EBF095-6B33-4472-ACB3-1934ECC2699D}
	EndGlobalSection
EndGlobal
